{
  "version": "3",
  "packages": {
    "specifiers": {
      "npm:express@4.18.2": "npm:express@4.18.2",
      "npm:yaml@2.3.4": "npm:yaml@2.3.4"
    },
    "npm": {
      "accepts@1.3.8": {
        "integrity": "sha512-PYAthTa2m2VKxuvSD3DPC/Gy+U+sOA1LAuT8mkmRuvw+NACSaeXEQ+NHcVF7rONl6qcaxV3Uuemwawk+7+SJLw==",
        "dependencies": {
          "mime-types": "mime-types@2.1.35",
          "negotiator": "negotiator@0.6.3"
        }
      },
      "array-flatten@1.1.1": {
        "integrity": "sha512-PCVAQswWemu6UdxsDFFX/+gVeYqKAod3D3UVm91jHwynguOwAvYPhx8nNlM++NqRcK6CxxpUafjmhIdKiHibqg==",
        "dependencies": {}
      },
      "body-parser@1.20.1": {
        "integrity": "sha512-jWi7abTbYwajOytWCQc37VulmWiRae5RyTpaCyDcS5/lMdtwSz5lOpDE67srw/HYe35f1z3fDQw+3txg7gNtWw==",
        "dependencies": {
          "bytes": "bytes@3.1.2",
          "content-type": "content-type@1.0.5",
          "debug": "debug@2.6.9",
          "depd": "depd@2.0.0",
          "destroy": "destroy@1.2.0",
          "http-errors": "http-errors@2.0.0",
          "iconv-lite": "iconv-lite@0.4.24",
          "on-finished": "on-finished@2.4.1",
          "qs": "qs@6.11.0",
          "raw-body": "raw-body@2.5.1",
          "type-is": "type-is@1.6.18",
          "unpipe": "unpipe@1.0.0"
        }
      },
      "bytes@3.1.2": {
        "integrity": "sha512-/Nf7TyzTx6S3yRJObOAV7956r8cr2+Oj8AC5dt8wSP3BQAoeX58NoHyCU8P8zGkNXStjTSi6fzO6F0pBdcYbEg==",
        "dependencies": {}
      },
      "call-bind@1.0.7": {
        "integrity": "sha512-GHTSNSYICQ7scH7sZ+M2rFopRoLh8t2bLSW6BbgrtLsahOIB5iyAVJf9GjWK3cYTDaMj4XdBpM1cA6pIS0Kv2w==",
        "dependencies": {
          "es-define-property": "es-define-property@1.0.0",
          "es-errors": "es-errors@1.3.0",
          "function-bind": "function-bind@1.1.2",
          "get-intrinsic": "get-intrinsic@1.2.4",
          "set-function-length": "set-function-length@1.2.1"
        }
      },
      "content-disposition@0.5.4": {
        "integrity": "sha512-FveZTNuGw04cxlAiWbzi6zTAL/lhehaWbTtgluJh4/E95DqMwTmha3KZN1aAWA8cFIhHzMZUvLevkw5Rqk+tSQ==",
        "dependencies": {
          "safe-buffer": "safe-buffer@5.2.1"
        }
      },
      "content-type@1.0.5": {
        "integrity": "sha512-nTjqfcBFEipKdXCv4YDQWCfmcLZKm81ldF0pAopTvyrFGVbcR6P/VAAd5G7N+0tTr8QqiU0tFadD6FK4NtJwOA==",
        "dependencies": {}
      },
      "cookie-signature@1.0.6": {
        "integrity": "sha512-QADzlaHc8icV8I7vbaJXJwod9HWYp8uCqf1xa4OfNu1T7JVxQIrUgOWtHdNDtPiywmFbiS12VjotIXLrKM3orQ==",
        "dependencies": {}
      },
      "cookie@0.5.0": {
        "integrity": "sha512-YZ3GUyn/o8gfKJlnlX7g7xq4gyO6OSuhGPKaaGssGB2qgDUS0gPgtTvoyZLTt9Ab6dC4hfc9dV5arkvc/OCmrw==",
        "dependencies": {}
      },
      "debug@2.6.9": {
        "integrity": "sha512-bC7ElrdJaJnPbAP+1EotYvqZsb3ecl5wi6Bfi6BJTUcNowp6cvspg0jXznRTKDjm/E7AdgFBVeAPVMNcKGsHMA==",
        "dependencies": {
          "ms": "ms@2.0.0"
        }
      },
      "define-data-property@1.1.3": {
        "integrity": "sha512-h3GBouC+RPtNX2N0hHVLo2ZwPYurq8mLmXpOLTsw71gr7lHt5VaI4vVkDUNOfiWmm48JEXe3VM7PmLX45AMmmg==",
        "dependencies": {
          "es-errors": "es-errors@1.3.0",
          "get-intrinsic": "get-intrinsic@1.2.4",
          "gopd": "gopd@1.0.1",
          "has-property-descriptors": "has-property-descriptors@1.0.2"
        }
      },
      "depd@2.0.0": {
        "integrity": "sha512-g7nH6P6dyDioJogAAGprGpCtVImJhpPk/roCzdb3fIh61/s/nPsfR6onyMwkCAR/OlC3yBC0lESvUoQEAssIrw==",
        "dependencies": {}
      },
      "destroy@1.2.0": {
        "integrity": "sha512-2sJGJTaXIIaR1w4iJSNoN0hnMY7Gpc/n8D4qSCJw8QqFWXf7cuAgnEHxBpweaVcPevC2l3KpjYCx3NypQQgaJg==",
        "dependencies": {}
      },
      "ee-first@1.1.1": {
        "integrity": "sha512-WMwm9LhRUo+WUaRN+vRuETqG89IgZphVSNkdFgeb6sS/E4OrDIN7t48CAewSHXc6C8lefD8KKfr5vY61brQlow==",
        "dependencies": {}
      },
      "encodeurl@1.0.2": {
        "integrity": "sha512-TPJXq8JqFaVYm2CWmPvnP2Iyo4ZSM7/QKcSmuMLDObfpH5fi7RUGmd/rTDf+rut/saiDiQEeVTNgAmJEdAOx0w==",
        "dependencies": {}
      },
      "es-define-property@1.0.0": {
        "integrity": "sha512-jxayLKShrEqqzJ0eumQbVhTYQM27CfT1T35+gCgDFoL82JLsXqTJ76zv6A0YLOgEnLUMvLzsDsGIrl8NFpT2gQ==",
        "dependencies": {
          "get-intrinsic": "get-intrinsic@1.2.4"
        }
      },
      "es-errors@1.3.0": {
        "integrity": "sha512-Zf5H2Kxt2xjTvbJvP2ZWLEICxA6j+hAmMzIlypy4xcBg1vKVnx89Wy0GbS+kf5cwCVFFzdCFh2XSCFNULS6csw==",
        "dependencies": {}
      },
      "escape-html@1.0.3": {
        "integrity": "sha512-NiSupZ4OeuGwr68lGIeym/ksIZMJodUGOSCZ/FSnTxcrekbvqrgdUxlJOMpijaKZVjAJrWrGs/6Jy8OMuyj9ow==",
        "dependencies": {}
      },
      "etag@1.8.1": {
        "integrity": "sha512-aIL5Fx7mawVa300al2BnEE4iNvo1qETxLrPI/o05L7z6go7fCw1J6EQmbK4FmJ2AS7kgVF/KEZWufBfdClMcPg==",
        "dependencies": {}
      },
      "express@4.18.2": {
        "integrity": "sha512-5/PsL6iGPdfQ/lKM1UuielYgv3BUoJfz1aUwU9vHZ+J7gyvwdQXFEBIEIaxeGf0GIcreATNyBExtalisDbuMqQ==",
        "dependencies": {
          "accepts": "accepts@1.3.8",
          "array-flatten": "array-flatten@1.1.1",
          "body-parser": "body-parser@1.20.1",
          "content-disposition": "content-disposition@0.5.4",
          "content-type": "content-type@1.0.5",
          "cookie": "cookie@0.5.0",
          "cookie-signature": "cookie-signature@1.0.6",
          "debug": "debug@2.6.9",
          "depd": "depd@2.0.0",
          "encodeurl": "encodeurl@1.0.2",
          "escape-html": "escape-html@1.0.3",
          "etag": "etag@1.8.1",
          "finalhandler": "finalhandler@1.2.0",
          "fresh": "fresh@0.5.2",
          "http-errors": "http-errors@2.0.0",
          "merge-descriptors": "merge-descriptors@1.0.1",
          "methods": "methods@1.1.2",
          "on-finished": "on-finished@2.4.1",
          "parseurl": "parseurl@1.3.3",
          "path-to-regexp": "path-to-regexp@0.1.7",
          "proxy-addr": "proxy-addr@2.0.7",
          "qs": "qs@6.11.0",
          "range-parser": "range-parser@1.2.1",
          "safe-buffer": "safe-buffer@5.2.1",
          "send": "send@0.18.0",
          "serve-static": "serve-static@1.15.0",
          "setprototypeof": "setprototypeof@1.2.0",
          "statuses": "statuses@2.0.1",
          "type-is": "type-is@1.6.18",
          "utils-merge": "utils-merge@1.0.1",
          "vary": "vary@1.1.2"
        }
      },
      "finalhandler@1.2.0": {
        "integrity": "sha512-5uXcUVftlQMFnWC9qu/svkWv3GTd2PfUhK/3PLkYNAe7FbqJMt3515HaxE6eRL74GdsriiwujiawdaB1BpEISg==",
        "dependencies": {
          "debug": "debug@2.6.9",
          "encodeurl": "encodeurl@1.0.2",
          "escape-html": "escape-html@1.0.3",
          "on-finished": "on-finished@2.4.1",
          "parseurl": "parseurl@1.3.3",
          "statuses": "statuses@2.0.1",
          "unpipe": "unpipe@1.0.0"
        }
      },
      "forwarded@0.2.0": {
        "integrity": "sha512-buRG0fpBtRHSTCOASe6hD258tEubFoRLb4ZNA6NxMVHNw2gOcwHo9wyablzMzOA5z9xA9L1KNjk/Nt6MT9aYow==",
        "dependencies": {}
      },
      "fresh@0.5.2": {
        "integrity": "sha512-zJ2mQYM18rEFOudeV4GShTGIQ7RbzA7ozbU9I/XBpm7kqgMywgmylMwXHxZJmkVoYkna9d2pVXVXPdYTP9ej8Q==",
        "dependencies": {}
      },
      "function-bind@1.1.2": {
        "integrity": "sha512-7XHNxH7qX9xG5mIwxkhumTox/MIRNcOgDrxWsMt2pAr23WHp6MrRlN7FBSFpCpr+oVO0F744iUgR82nJMfG2SA==",
        "dependencies": {}
      },
      "get-intrinsic@1.2.4": {
        "integrity": "sha512-5uYhsJH8VJBTv7oslg4BznJYhDoRI6waYCxMmCdnTrcCrHA/fCFKoTFz2JKKE0HdDFUF7/oQuhzumXJK7paBRQ==",
        "dependencies": {
          "es-errors": "es-errors@1.3.0",
          "function-bind": "function-bind@1.1.2",
          "has-proto": "has-proto@1.0.1",
          "has-symbols": "has-symbols@1.0.3",
          "hasown": "hasown@2.0.1"
        }
      },
      "gopd@1.0.1": {
        "integrity": "sha512-d65bNlIadxvpb/A2abVdlqKqV563juRnZ1Wtk6s1sIR8uNsXR70xqIzVqxVf1eTqDunwT2MkczEeaezCKTZhwA==",
        "dependencies": {
          "get-intrinsic": "get-intrinsic@1.2.4"
        }
      },
      "has-property-descriptors@1.0.2": {
        "integrity": "sha512-55JNKuIW+vq4Ke1BjOTjM2YctQIvCT7GFzHwmfZPGo5wnrgkid0YQtnAleFSqumZm4az3n2BS+erby5ipJdgrg==",
        "dependencies": {
          "es-define-property": "es-define-property@1.0.0"
        }
      },
      "has-proto@1.0.1": {
        "integrity": "sha512-7qE+iP+O+bgF9clE5+UoBFzE65mlBiVj3tKCrlNQ0Ogwm0BjpT/gK4SlLYDMybDh5I3TCTKnPPa0oMG7JDYrhg==",
        "dependencies": {}
      },
      "has-symbols@1.0.3": {
        "integrity": "sha512-l3LCuF6MgDNwTDKkdYGEihYjt5pRPbEg46rtlmnSPlUbgmB8LOIrKJbYYFBSbnPaJexMKtiPO8hmeRjRz2Td+A==",
        "dependencies": {}
      },
      "hasown@2.0.1": {
        "integrity": "sha512-1/th4MHjnwncwXsIW6QMzlvYL9kG5e/CpVvLRZe4XPa8TOUNbCELqmvhDmnkNsAjwaG4+I8gJJL0JBvTTLO9qA==",
        "dependencies": {
          "function-bind": "function-bind@1.1.2"
        }
      },
      "http-errors@2.0.0": {
        "integrity": "sha512-FtwrG/euBzaEjYeRqOgly7G0qviiXoJWnvEH2Z1plBdXgbyjv34pHTSb9zoeHMyDy33+DWy5Wt9Wo+TURtOYSQ==",
        "dependencies": {
          "depd": "depd@2.0.0",
          "inherits": "inherits@2.0.4",
          "setprototypeof": "setprototypeof@1.2.0",
          "statuses": "statuses@2.0.1",
          "toidentifier": "toidentifier@1.0.1"
        }
      },
      "iconv-lite@0.4.24": {
        "integrity": "sha512-v3MXnZAcvnywkTUEZomIActle7RXXeedOR31wwl7VlyoXO4Qi9arvSenNQWne1TcRwhCL1HwLI21bEqdpj8/rA==",
        "dependencies": {
          "safer-buffer": "safer-buffer@2.1.2"
        }
      },
      "inherits@2.0.4": {
        "integrity": "sha512-k/vGaX4/Yla3WzyMCvTQOXYeIHvqOKtnqBduzTHpzpQZzAskKMhZ2K+EnBiSM9zGSoIFeMpXKxa4dYeZIQqewQ==",
        "dependencies": {}
      },
      "ipaddr.js@1.9.1": {
        "integrity": "sha512-0KI/607xoxSToH7GjN1FfSbLoU0+btTicjsQSWQlh/hZykN8KpmMf7uYwPW3R+akZ6R/w18ZlXSHBYXiYUPO3g==",
        "dependencies": {}
      },
      "media-typer@0.3.0": {
        "integrity": "sha512-dq+qelQ9akHpcOl/gUVRTxVIOkAJ1wR3QAvb4RsVjS8oVoFjDGTc679wJYmUmknUF5HwMLOgb5O+a3KxfWapPQ==",
        "dependencies": {}
      },
      "merge-descriptors@1.0.1": {
        "integrity": "sha512-cCi6g3/Zr1iqQi6ySbseM1Xvooa98N0w31jzUYrXPX2xqObmFGHJ0tQ5u74H3mVh7wLouTseZyYIq39g8cNp1w==",
        "dependencies": {}
      },
      "methods@1.1.2": {
        "integrity": "sha512-iclAHeNqNm68zFtnZ0e+1L2yUIdvzNoauKU4WBA3VvH/vPFieF7qfRlwUZU+DA9P9bPXIS90ulxoUoCH23sV2w==",
        "dependencies": {}
      },
      "mime-db@1.52.0": {
        "integrity": "sha512-sPU4uV7dYlvtWJxwwxHD0PuihVNiE7TyAbQ5SWxDCB9mUYvOgroQOwYQQOKPJ8CIbE+1ETVlOoK1UC2nU3gYvg==",
        "dependencies": {}
      },
      "mime-types@2.1.35": {
        "integrity": "sha512-ZDY+bPm5zTTF+YpCrAU9nK0UgICYPT0QtT1NZWFv4s++TNkcgVaT0g6+4R2uI4MjQjzysHB1zxuWL50hzaeXiw==",
        "dependencies": {
          "mime-db": "mime-db@1.52.0"
        }
      },
      "mime@1.6.0": {
        "integrity": "sha512-x0Vn8spI+wuJ1O6S7gnbaQg8Pxh4NNHb7KSINmEWKiPE4RKOplvijn+NkmYmmRgP68mc70j2EbeTFRsrswaQeg==",
        "dependencies": {}
      },
      "ms@2.0.0": {
        "integrity": "sha512-Tpp60P6IUJDTuOq/5Z8cdskzJujfwqfOTkrwIwj7IRISpnkJnT6SyJ4PCPnGMoFjC9ddhal5KVIYtAt97ix05A==",
        "dependencies": {}
      },
      "ms@2.1.3": {
        "integrity": "sha512-6FlzubTLZG3J2a/NVCAleEhjzq5oxgHyaCU9yYXvcLsvoVaHJq/s5xXI6/XXP6tz7R9xAOtHnSO/tXtF3WRTlA==",
        "dependencies": {}
      },
      "negotiator@0.6.3": {
        "integrity": "sha512-+EUsqGPLsM+j/zdChZjsnX51g4XrHFOIXwfnCVPGlQk/k5giakcKsuxCObBRu6DSm9opw/O6slWbJdghQM4bBg==",
        "dependencies": {}
      },
      "object-inspect@1.13.1": {
        "integrity": "sha512-5qoj1RUiKOMsCCNLV1CBiPYE10sziTsnmNxkAI/rZhiD63CF7IqdFGC/XzjWjpSgLf0LxXX3bDFIh0E18f6UhQ==",
        "dependencies": {}
      },
      "on-finished@2.4.1": {
        "integrity": "sha512-oVlzkg3ENAhCk2zdv7IJwd/QUD4z2RxRwpkcGY8psCVcCYZNq4wYnVWALHM+brtuJjePWiYF/ClmuDr8Ch5+kg==",
        "dependencies": {
          "ee-first": "ee-first@1.1.1"
        }
      },
      "parseurl@1.3.3": {
        "integrity": "sha512-CiyeOxFT/JZyN5m0z9PfXw4SCBJ6Sygz1Dpl0wqjlhDEGGBP1GnsUVEL0p63hoG1fcj3fHynXi9NYO4nWOL+qQ==",
        "dependencies": {}
      },
      "path-to-regexp@0.1.7": {
        "integrity": "sha512-5DFkuoqlv1uYQKxy8omFBeJPQcdoE07Kv2sferDCrAq1ohOU+MSDswDIbnx3YAM60qIOnYa53wBhXW0EbMonrQ==",
        "dependencies": {}
      },
      "proxy-addr@2.0.7": {
        "integrity": "sha512-llQsMLSUDUPT44jdrU/O37qlnifitDP+ZwrmmZcoSKyLKvtZxpyV0n2/bD/N4tBAAZ/gJEdZU7KMraoK1+XYAg==",
        "dependencies": {
          "forwarded": "forwarded@0.2.0",
          "ipaddr.js": "ipaddr.js@1.9.1"
        }
      },
      "qs@6.11.0": {
        "integrity": "sha512-MvjoMCJwEarSbUYk5O+nmoSzSutSsTwF85zcHPQ9OrlFoZOYIjaqBAJIqIXjptyD5vThxGq52Xu/MaJzRkIk4Q==",
        "dependencies": {
          "side-channel": "side-channel@1.0.5"
        }
      },
      "range-parser@1.2.1": {
        "integrity": "sha512-Hrgsx+orqoygnmhFbKaHE6c296J+HTAQXoxEF6gNupROmmGJRoyzfG3ccAveqCBrwr/2yxQ5BVd/GTl5agOwSg==",
        "dependencies": {}
      },
      "raw-body@2.5.1": {
        "integrity": "sha512-qqJBtEyVgS0ZmPGdCFPWJ3FreoqvG4MVQln/kCgF7Olq95IbOp0/BWyMwbdtn4VTvkM8Y7khCQ2Xgk/tcrCXig==",
        "dependencies": {
          "bytes": "bytes@3.1.2",
          "http-errors": "http-errors@2.0.0",
          "iconv-lite": "iconv-lite@0.4.24",
          "unpipe": "unpipe@1.0.0"
        }
      },
      "safe-buffer@5.2.1": {
        "integrity": "sha512-rp3So07KcdmmKbGvgaNxQSJr7bGVSVk5S9Eq1F+ppbRo70+YeaDxkw5Dd8NPN+GD6bjnYm2VuPuCXmpuYvmCXQ==",
        "dependencies": {}
      },
      "safer-buffer@2.1.2": {
        "integrity": "sha512-YZo3K82SD7Riyi0E1EQPojLz7kpepnSQI9IyPbHHg1XXXevb5dJI7tpyN2ADxGcQbHG7vcyRHk0cbwqcQriUtg==",
        "dependencies": {}
      },
      "send@0.18.0": {
        "integrity": "sha512-qqWzuOjSFOuqPjFe4NOsMLafToQQwBSOEpS+FwEt3A2V3vKubTquT3vmLTQpFgMXp8AlFWFuP1qKaJZOtPpVXg==",
        "dependencies": {
          "debug": "debug@2.6.9",
          "depd": "depd@2.0.0",
          "destroy": "destroy@1.2.0",
          "encodeurl": "encodeurl@1.0.2",
          "escape-html": "escape-html@1.0.3",
          "etag": "etag@1.8.1",
          "fresh": "fresh@0.5.2",
          "http-errors": "http-errors@2.0.0",
          "mime": "mime@1.6.0",
          "ms": "ms@2.1.3",
          "on-finished": "on-finished@2.4.1",
          "range-parser": "range-parser@1.2.1",
          "statuses": "statuses@2.0.1"
        }
      },
      "serve-static@1.15.0": {
        "integrity": "sha512-XGuRDNjXUijsUL0vl6nSD7cwURuzEgglbOaFuZM9g3kwDXOWVTck0jLzjPzGD+TazWbboZYu52/9/XPdUgne9g==",
        "dependencies": {
          "encodeurl": "encodeurl@1.0.2",
          "escape-html": "escape-html@1.0.3",
          "parseurl": "parseurl@1.3.3",
          "send": "send@0.18.0"
        }
      },
      "set-function-length@1.2.1": {
        "integrity": "sha512-j4t6ccc+VsKwYHso+kElc5neZpjtq9EnRICFZtWyBsLojhmeF/ZBd/elqm22WJh/BziDe/SBiOeAt0m2mfLD0g==",
        "dependencies": {
          "define-data-property": "define-data-property@1.1.3",
          "es-errors": "es-errors@1.3.0",
          "function-bind": "function-bind@1.1.2",
          "get-intrinsic": "get-intrinsic@1.2.4",
          "gopd": "gopd@1.0.1",
          "has-property-descriptors": "has-property-descriptors@1.0.2"
        }
      },
      "setprototypeof@1.2.0": {
        "integrity": "sha512-E5LDX7Wrp85Kil5bhZv46j8jOeboKq5JMmYM3gVGdGH8xFpPWXUMsNrlODCrkoxMEeNi/XZIwuRvY4XNwYMJpw==",
        "dependencies": {}
      },
      "side-channel@1.0.5": {
        "integrity": "sha512-QcgiIWV4WV7qWExbN5llt6frQB/lBven9pqliLXfGPB+K9ZYXxDozp0wLkHS24kWCm+6YXH/f0HhnObZnZOBnQ==",
        "dependencies": {
          "call-bind": "call-bind@1.0.7",
          "es-errors": "es-errors@1.3.0",
          "get-intrinsic": "get-intrinsic@1.2.4",
          "object-inspect": "object-inspect@1.13.1"
        }
      },
      "statuses@2.0.1": {
        "integrity": "sha512-RwNA9Z/7PrK06rYLIzFMlaF+l73iwpzsqRIFgbMLbTcLD6cOao82TaWefPXQvB2fOC4AjuYSEndS7N/mTCbkdQ==",
        "dependencies": {}
      },
      "toidentifier@1.0.1": {
        "integrity": "sha512-o5sSPKEkg/DIQNmH43V0/uerLrpzVedkUh8tGNvaeXpfpuwjKenlSox/2O/BTlZUtEe+JG7s5YhEz608PlAHRA==",
        "dependencies": {}
      },
      "type-is@1.6.18": {
        "integrity": "sha512-TkRKr9sUTxEH8MdfuCSP7VizJyzRNMjj2J2do2Jr3Kym598JVdEksuzPQCnlFPW4ky9Q+iA+ma9BGm06XQBy8g==",
        "dependencies": {
          "media-typer": "media-typer@0.3.0",
          "mime-types": "mime-types@2.1.35"
        }
      },
      "unpipe@1.0.0": {
        "integrity": "sha512-pjy2bYhSsufwWlKwPc+l3cN7+wuJlK6uz0YdJEOlQDbl6jo/YlPi4mb8agUkVC8BF7V8NuzeyPNqRksA3hztKQ==",
        "dependencies": {}
      },
      "utils-merge@1.0.1": {
        "integrity": "sha512-pMZTvIkT1d+TFGvDOqodOclx0QWkkgi6Tdoa8gC8ffGAAqz9pzPTZWAybbsHHoED/ztMtkv/VoYTYyShUn81hA==",
        "dependencies": {}
      },
      "vary@1.1.2": {
        "integrity": "sha512-BNGbWLfd0eUPabhkXUVm0j8uuvREyTh5ovRa/dyow/BqAbZJyC+5fU+IzQOzmAKzYqYRAISoRhdQr3eIZ/PXqg==",
        "dependencies": {}
      },
      "yaml@2.3.4": {
        "integrity": "sha512-8aAvwVUSHpfEqTQ4w/KMlf3HcRdt50E5ODIQJBw1fQ5RL34xabzxtUlzTXVqc4rkZsPbvrXKWnABCD7kWSmocA==",
        "dependencies": {}
      }
    }
  },
  "remote": {
    "https://deno.land/std@0.215.0/assert/assert.ts": "bec068b2fccdd434c138a555b19a2c2393b71dfaada02b7d568a01541e67cdc5",
    "https://deno.land/std@0.215.0/assert/assertion_error.ts": "9f689a101ee586c4ce92f52fa7ddd362e86434ffdf1f848e45987dc7689976b8",
    "https://deno.land/std@0.215.0/path/_common/assert_path.ts": "2ca275f36ac1788b2acb60fb2b79cb06027198bc2ba6fb7e163efaedde98c297",
    "https://deno.land/std@0.215.0/path/_common/basename.ts": "569744855bc8445f3a56087fd2aed56bdad39da971a8d92b138c9913aecc5fa2",
    "https://deno.land/std@0.215.0/path/_common/common.ts": "6157c7ec1f4db2b4a9a187efd6ce76dcaf1e61cfd49f87e40d4ea102818df031",
    "https://deno.land/std@0.215.0/path/_common/constants.ts": "dc5f8057159f4b48cd304eb3027e42f1148cf4df1fb4240774d3492b5d12ac0c",
    "https://deno.land/std@0.215.0/path/_common/dirname.ts": "684df4aa71a04bbcc346c692c8485594fc8a90b9408dfbc26ff32cf3e0c98cc8",
    "https://deno.land/std@0.215.0/path/_common/format.ts": "92500e91ea5de21c97f5fe91e178bae62af524b72d5fcd246d6d60ae4bcada8b",
    "https://deno.land/std@0.215.0/path/_common/from_file_url.ts": "d672bdeebc11bf80e99bf266f886c70963107bdd31134c4e249eef51133ceccf",
    "https://deno.land/std@0.215.0/path/_common/glob_to_reg_exp.ts": "2007aa87bed6eb2c8ae8381adcc3125027543d9ec347713c1ad2c68427330770",
    "https://deno.land/std@0.215.0/path/_common/normalize.ts": "684df4aa71a04bbcc346c692c8485594fc8a90b9408dfbc26ff32cf3e0c98cc8",
    "https://deno.land/std@0.215.0/path/_common/normalize_string.ts": "dfdf657a1b1a7db7999f7c575ee7e6b0551d9c20f19486c6c3f5ff428384c965",
    "https://deno.land/std@0.215.0/path/_common/relative.ts": "faa2753d9b32320ed4ada0733261e3357c186e5705678d9dd08b97527deae607",
    "https://deno.land/std@0.215.0/path/_common/strip_trailing_separators.ts": "7024a93447efcdcfeaa9339a98fa63ef9d53de363f1fbe9858970f1bba02655a",
    "https://deno.land/std@0.215.0/path/_common/to_file_url.ts": "7f76adbc83ece1bba173e6e98a27c647712cab773d3f8cbe0398b74afc817883",
    "https://deno.land/std@0.215.0/path/_interface.ts": "a1419fcf45c0ceb8acdccc94394e3e94f99e18cfd32d509aab514c8841799600",
    "https://deno.land/std@0.215.0/path/_os.ts": "8fb9b90fb6b753bd8c77cfd8a33c2ff6c5f5bc185f50de8ca4ac6a05710b2c15",
    "https://deno.land/std@0.215.0/path/basename.ts": "5d341aadb7ada266e2280561692c165771d071c98746fcb66da928870cd47668",
    "https://deno.land/std@0.215.0/path/common.ts": "03e52e22882402c986fe97ca3b5bb4263c2aa811c515ce84584b23bac4cc2643",
    "https://deno.land/std@0.215.0/path/constants.ts": "0c206169ca104938ede9da48ac952de288f23343304a1c3cb6ec7625e7325f36",
    "https://deno.land/std@0.215.0/path/dirname.ts": "85bd955bf31d62c9aafdd7ff561c4b5fb587d11a9a5a45e2b01aedffa4238a7c",
    "https://deno.land/std@0.215.0/path/extname.ts": "593303db8ae8c865cbd9ceec6e55d4b9ac5410c1e276bfd3131916591b954441",
    "https://deno.land/std@0.215.0/path/format.ts": "98fad25f1af7b96a48efb5b67378fcc8ed77be895df8b9c733b86411632162af",
    "https://deno.land/std@0.215.0/path/from_file_url.ts": "911833ae4fd10a1c84f6271f36151ab785955849117dc48c6e43b929504ee069",
    "https://deno.land/std@0.215.0/path/glob_to_regexp.ts": "5e51f78a0248c75464bf1d49173de3ec2c032880a530578e56b3fed2a57e69d3",
    "https://deno.land/std@0.215.0/path/is_absolute.ts": "4791afc8bfd0c87f0526eaa616b0d16e7b3ab6a65b62942e50eac68de4ef67d7",
    "https://deno.land/std@0.215.0/path/is_glob.ts": "a65f6195d3058c3050ab905705891b412ff942a292bcbaa1a807a74439a14141",
    "https://deno.land/std@0.215.0/path/join.ts": "ae2ec5ca44c7e84a235fd532e4a0116bfb1f2368b394db1c4fb75e3c0f26a33a",
    "https://deno.land/std@0.215.0/path/join_globs.ts": "5b3bf248b93247194f94fa6947b612ab9d3abd571ca8386cf7789038545e54a0",
    "https://deno.land/std@0.215.0/path/mod.ts": "6f856db94f6a72fc2cf69e0a85eb523aee6a3cd274470717e96f4bee0c9fe329",
    "https://deno.land/std@0.215.0/path/normalize.ts": "4155743ccceeed319b350c1e62e931600272fad8ad00c417b91df093867a8352",
    "https://deno.land/std@0.215.0/path/normalize_glob.ts": "cc89a77a7d3b1d01053b9dcd59462b75482b11e9068ae6c754b5cf5d794b374f",
    "https://deno.land/std@0.215.0/path/parse.ts": "65e8e285f1a63b714e19ef24b68f56e76934c3df0b6e65fd440d3991f4f8aefb",
    "https://deno.land/std@0.215.0/path/posix/_util.ts": "1e3937da30f080bfc99fe45d7ed23c47dd8585c5e473b2d771380d3a6937cf9d",
    "https://deno.land/std@0.215.0/path/posix/basename.ts": "39ee27a29f1f35935d3603ccf01d53f3d6e0c5d4d0f84421e65bd1afeff42843",
    "https://deno.land/std@0.215.0/path/posix/common.ts": "26f60ccc8b2cac3e1613000c23ac5a7d392715d479e5be413473a37903a2b5d4",
    "https://deno.land/std@0.215.0/path/posix/constants.ts": "93481efb98cdffa4c719c22a0182b994e5a6aed3047e1962f6c2c75b7592bef1",
    "https://deno.land/std@0.215.0/path/posix/dirname.ts": "6535d2bdd566118963537b9dda8867ba9e2a361015540dc91f5afbb65c0cce8b",
    "https://deno.land/std@0.215.0/path/posix/extname.ts": "8d36ae0082063c5e1191639699e6f77d3acf501600a3d87b74943f0ae5327427",
    "https://deno.land/std@0.215.0/path/posix/format.ts": "185e9ee2091a42dd39e2a3b8e4925370ee8407572cee1ae52838aed96310c5c1",
    "https://deno.land/std@0.215.0/path/posix/from_file_url.ts": "951aee3a2c46fd0ed488899d024c6352b59154c70552e90885ed0c2ab699bc40",
    "https://deno.land/std@0.215.0/path/posix/glob_to_regexp.ts": "54d3ff40f309e3732ab6e5b19d7111d2d415248bcd35b67a99defcbc1972e697",
    "https://deno.land/std@0.215.0/path/posix/is_absolute.ts": "cebe561ad0ae294f0ce0365a1879dcfca8abd872821519b4fcc8d8967f888ede",
    "https://deno.land/std@0.215.0/path/posix/is_glob.ts": "8a8b08c08bf731acf2c1232218f1f45a11131bc01de81e5f803450a5914434b9",
    "https://deno.land/std@0.215.0/path/posix/join.ts": "aef88d5fa3650f7516730865dbb951594d1a955b785e2450dbee93b8e32694f3",
    "https://deno.land/std@0.215.0/path/posix/join_globs.ts": "f6e2619c196b82d8fd67ba2cf680e5b44461f38bdfeec26d7b3f55bd92a85988",
    "https://deno.land/std@0.215.0/path/posix/mod.ts": "2301fc1c54a28b349e20656f68a85f75befa0ee9b6cd75bfac3da5aca9c3f604",
    "https://deno.land/std@0.215.0/path/posix/normalize.ts": "baeb49816a8299f90a0237d214cef46f00ba3e95c0d2ceb74205a6a584b58a91",
    "https://deno.land/std@0.215.0/path/posix/normalize_glob.ts": "41b477068deb832df7f51d6e2b3c0bc274d20919e20c5240d785ba535572d3d0",
    "https://deno.land/std@0.215.0/path/posix/parse.ts": "d5bac4eb21262ab168eead7e2196cb862940c84cee572eafedd12a0d34adc8fb",
    "https://deno.land/std@0.215.0/path/posix/relative.ts": "3907d6eda41f0ff723d336125a1ad4349112cd4d48f693859980314d5b9da31c",
    "https://deno.land/std@0.215.0/path/posix/resolve.ts": "bac20d9921beebbbb2b73706683b518b1d0c1b1da514140cee409e90d6b2913a",
    "https://deno.land/std@0.215.0/path/posix/to_file_url.ts": "7aa752ba66a35049e0e4a4be5a0a31ac6b645257d2e031142abb1854de250aaf",
    "https://deno.land/std@0.215.0/path/posix/to_namespaced_path.ts": "28b216b3c76f892a4dca9734ff1cc0045d135532bfd9c435ae4858bfa5a2ebf0",
    "https://deno.land/std@0.215.0/path/relative.ts": "ab739d727180ed8727e34ed71d976912461d98e2b76de3d3de834c1066667add",
    "https://deno.land/std@0.215.0/path/resolve.ts": "a6f977bdb4272e79d8d0ed4333e3d71367cc3926acf15ac271f1d059c8494d8d",
    "https://deno.land/std@0.215.0/path/to_file_url.ts": "88f049b769bce411e2d2db5bd9e6fd9a185a5fbd6b9f5ad8f52bef517c4ece1b",
    "https://deno.land/std@0.215.0/path/to_namespaced_path.ts": "b706a4103b104cfadc09600a5f838c2ba94dbcdb642344557122dda444526e40",
    "https://deno.land/std@0.215.0/path/windows/_util.ts": "d5f47363e5293fced22c984550d5e70e98e266cc3f31769e1710511803d04808",
    "https://deno.land/std@0.215.0/path/windows/basename.ts": "e2dbf31d1d6385bfab1ce38c333aa290b6d7ae9e0ecb8234a654e583cf22f8fe",
    "https://deno.land/std@0.215.0/path/windows/common.ts": "26f60ccc8b2cac3e1613000c23ac5a7d392715d479e5be413473a37903a2b5d4",
    "https://deno.land/std@0.215.0/path/windows/constants.ts": "5afaac0a1f67b68b0a380a4ef391bf59feb55856aa8c60dfc01bd3b6abb813f5",
    "https://deno.land/std@0.215.0/path/windows/dirname.ts": "33e421be5a5558a1346a48e74c330b8e560be7424ed7684ea03c12c21b627bc9",
    "https://deno.land/std@0.215.0/path/windows/extname.ts": "165a61b00d781257fda1e9606a48c78b06815385e7d703232548dbfc95346bef",
    "https://deno.land/std@0.215.0/path/windows/format.ts": "bbb5ecf379305b472b1082cd2fdc010e44a0020030414974d6029be9ad52aeb6",
    "https://deno.land/std@0.215.0/path/windows/from_file_url.ts": "ced2d587b6dff18f963f269d745c4a599cf82b0c4007356bd957cb4cb52efc01",
    "https://deno.land/std@0.215.0/path/windows/glob_to_regexp.ts": "6dcd1242bd8907aa9660cbdd7c93446e6927b201112b0cba37ca5d80f81be51b",
    "https://deno.land/std@0.215.0/path/windows/is_absolute.ts": "4a8f6853f8598cf91a835f41abed42112cebab09478b072e4beb00ec81f8ca8a",
    "https://deno.land/std@0.215.0/path/windows/is_glob.ts": "8a8b08c08bf731acf2c1232218f1f45a11131bc01de81e5f803450a5914434b9",
    "https://deno.land/std@0.215.0/path/windows/join.ts": "e0b3356615c1a75c56ebb6a7311157911659e11fd533d80d724800126b761ac3",
    "https://deno.land/std@0.215.0/path/windows/join_globs.ts": "f6e2619c196b82d8fd67ba2cf680e5b44461f38bdfeec26d7b3f55bd92a85988",
    "https://deno.land/std@0.215.0/path/windows/mod.ts": "a9883fbf59e52d12f293f9e0dc394b1fbeab5b77eccea9d713091a9e65e90a37",
    "https://deno.land/std@0.215.0/path/windows/normalize.ts": "78126170ab917f0ca355a9af9e65ad6bfa5be14d574c5fb09bb1920f52577780",
    "https://deno.land/std@0.215.0/path/windows/normalize_glob.ts": "c57c186b0785ba5320a85e573c264f42c46eb1d0a4a78611f4791a7083baaa17",
    "https://deno.land/std@0.215.0/path/windows/parse.ts": "b9239edd892a06a06625c1b58425e199f018ce5649ace024d144495c984da734",
    "https://deno.land/std@0.215.0/path/windows/relative.ts": "3e1abc7977ee6cc0db2730d1f9cb38be87b0ce4806759d271a70e4997fc638d7",
    "https://deno.land/std@0.215.0/path/windows/resolve.ts": "75b2e3e1238d840782cee3d8864d82bfaa593c7af8b22f19c6422cf82f330ab3",
    "https://deno.land/std@0.215.0/path/windows/separator.ts": "e51c5522140eff4f8402617c5c68a201fdfa3a1a8b28dc23587cff931b665e43",
    "https://deno.land/std@0.215.0/path/windows/to_file_url.ts": "1cd63fd35ec8d1370feaa4752eccc4cc05ea5362a878be8dc7db733650995484",
    "https://deno.land/std@0.215.0/path/windows/to_namespaced_path.ts": "4ffa4fb6fae321448d5fe810b3ca741d84df4d7897e61ee29be961a6aac89a4c"
  }
}
